// !$*UTF8*$!
{
	archiveVersion = 1;
	classes = {
	};
	objectVersion = 50;
	objects = {

/* Begin PBXBuildFile section */
		7A689A4122FD4DB10044AE3D /* AppDelegate.m in Sources */ = {isa = PBXBuildFile; fileRef = 7A689A4022FD4DB10044AE3D /* AppDelegate.m */; };
		7A689A4922FD4DB30044AE3D /* Assets.xcassets in Resources */ = {isa = PBXBuildFile; fileRef = 7A689A4822FD4DB30044AE3D /* Assets.xcassets */; };
		7A689A4C22FD4DB30044AE3D /* LaunchScreen.storyboard in Resources */ = {isa = PBXBuildFile; fileRef = 7A689A4A22FD4DB30044AE3D /* LaunchScreen.storyboard */; };
		7A689A4F22FD4DB30044AE3D /* main.m in Sources */ = {isa = PBXBuildFile; fileRef = 7A689A4E22FD4DB30044AE3D /* main.m */; };
		7A689A5A22FD4E0E0044AE3D /* RootViewController.m in Sources */ = {isa = PBXBuildFile; fileRef = 7A689A5922FD4E0E0044AE3D /* RootViewController.m */; };
		7A689A7D22FD51AD0044AE3D /* Ghana.png in Resources */ = {isa = PBXBuildFile; fileRef = 7A689A5C22FD51AD0044AE3D /* Ghana.png */; };
		7A689A7E22FD51AD0044AE3D /* Argentina.png in Resources */ = {isa = PBXBuildFile; fileRef = 7A689A5D22FD51AD0044AE3D /* Argentina.png */; };
		7A689A7F22FD51AD0044AE3D /* SouthAfrica.png in Resources */ = {isa = PBXBuildFile; fileRef = 7A689A5E22FD51AD0044AE3D /* SouthAfrica.png */; };
		7A689A8022FD51AD0044AE3D /* Holland.png in Resources */ = {isa = PBXBuildFile; fileRef = 7A689A5F22FD51AD0044AE3D /* Holland.png */; };
		7A689A8122FD51AD0044AE3D /* Algeria.png in Resources */ = {isa = PBXBuildFile; fileRef = 7A689A6022FD51AD0044AE3D /* Algeria.png */; };
		7A689A8222FD51AD0044AE3D /* Honduras.png in Resources */ = {isa = PBXBuildFile; fileRef = 7A689A6122FD51AD0044AE3D /* Honduras.png */; };
		7A689A8322FD51AD0044AE3D /* USA.png in Resources */ = {isa = PBXBuildFile; fileRef = 7A689A6222FD51AD0044AE3D /* USA.png */; };
		7A689A8422FD51AD0044AE3D /* Australia.png in Resources */ = {isa = PBXBuildFile; fileRef = 7A689A6322FD51AD0044AE3D /* Australia.png */; };
		7A689A8522FD51AD0044AE3D /* Cameroon.png in Resources */ = {isa = PBXBuildFile; fileRef = 7A689A6422FD51AD0044AE3D /* Cameroon.png */; };
		7A689A8622FD51AD0044AE3D /* England.png in Resources */ = {isa = PBXBuildFile; fileRef = 7A689A6522FD51AD0044AE3D /* England.png */; };
		7A689A8722FD51AD0044AE3D /* CoteDIvoire.png in Resources */ = {isa = PBXBuildFile; fileRef = 7A689A6622FD51AD0044AE3D /* CoteDIvoire.png */; };
		7A689A8822FD51AD0044AE3D /* Brazil.png in Resources */ = {isa = PBXBuildFile; fileRef = 7A689A6722FD51AD0044AE3D /* Brazil.png */; };
		7A689A8922FD51AD0044AE3D /* Greece.png in Resources */ = {isa = PBXBuildFile; fileRef = 7A689A6822FD51AD0044AE3D /* Greece.png */; };
		7A689A8A22FD51AD0044AE3D /* NewZealand.png in Resources */ = {isa = PBXBuildFile; fileRef = 7A689A6922FD51AD0044AE3D /* NewZealand.png */; };
		7A689A8B22FD51AD0044AE3D /* Switzerland.png in Resources */ = {isa = PBXBuildFile; fileRef = 7A689A6A22FD51AD0044AE3D /* Switzerland.png */; };
		7A689A8C22FD51AD0044AE3D /* SouthKorea.png in Resources */ = {isa = PBXBuildFile; fileRef = 7A689A6B22FD51AD0044AE3D /* SouthKorea.png */; };
		7A689A8D22FD51AD0044AE3D /* Nigeria.png in Resources */ = {isa = PBXBuildFile; fileRef = 7A689A6C22FD51AD0044AE3D /* Nigeria.png */; };
		7A689A8E22FD51AD0044AE3D /* Germany.png in Resources */ = {isa = PBXBuildFile; fileRef = 7A689A6D22FD51AD0044AE3D /* Germany.png */; };
		7A689A8F22FD51AD0044AE3D /* Portugal.png in Resources */ = {isa = PBXBuildFile; fileRef = 7A689A6E22FD51AD0044AE3D /* Portugal.png */; };
		7A689A9022FD51AD0044AE3D /* Spain.png in Resources */ = {isa = PBXBuildFile; fileRef = 7A689A6F22FD51AD0044AE3D /* Spain.png */; };
		7A689A9122FD51AD0044AE3D /* Paraguay.png in Resources */ = {isa = PBXBuildFile; fileRef = 7A689A7022FD51AD0044AE3D /* Paraguay.png */; };
		7A689A9222FD51AD0044AE3D /* Serbia.png in Resources */ = {isa = PBXBuildFile; fileRef = 7A689A7122FD51AD0044AE3D /* Serbia.png */; };
		7A689A9322FD51AD0044AE3D /* France.png in Resources */ = {isa = PBXBuildFile; fileRef = 7A689A7222FD51AD0044AE3D /* France.png */; };
		7A689A9422FD51AD0044AE3D /* Italy.png in Resources */ = {isa = PBXBuildFile; fileRef = 7A689A7322FD51AD0044AE3D /* Italy.png */; };
		7A689A9522FD51AD0044AE3D /* team.plist in Resources */ = {isa = PBXBuildFile; fileRef = 7A689A7422FD51AD0044AE3D /* team.plist */; };
		7A689A9622FD51AD0044AE3D /* Denmark.png in Resources */ = {isa = PBXBuildFile; fileRef = 7A689A7522FD51AD0044AE3D /* Denmark.png */; };
		7A689A9722FD51AD0044AE3D /* Japan.png in Resources */ = {isa = PBXBuildFile; fileRef = 7A689A7622FD51AD0044AE3D /* Japan.png */; };
		7A689A9822FD51AD0044AE3D /* Uruguay.png in Resources */ = {isa = PBXBuildFile; fileRef = 7A689A7722FD51AD0044AE3D /* Uruguay.png */; };
		7A689A9922FD51AD0044AE3D /* NorthKorea.png in Resources */ = {isa = PBXBuildFile; fileRef = 7A689A7822FD51AD0044AE3D /* NorthKorea.png */; };
		7A689A9A22FD51AD0044AE3D /* Slovenia.png in Resources */ = {isa = PBXBuildFile; fileRef = 7A689A7922FD51AD0044AE3D /* Slovenia.png */; };
		7A689A9B22FD51AD0044AE3D /* Slovakia.png in Resources */ = {isa = PBXBuildFile; fileRef = 7A689A7A22FD51AD0044AE3D /* Slovakia.png */; };
		7A689A9C22FD51AD0044AE3D /* Chile.png in Resources */ = {isa = PBXBuildFile; fileRef = 7A689A7B22FD51AD0044AE3D /* Chile.png */; };
		7A689A9D22FD51AD0044AE3D /* Mexico.png in Resources */ = {isa = PBXBuildFile; fileRef = 7A689A7C22FD51AD0044AE3D /* Mexico.png */; };
/* End PBXBuildFile section */

/* Begin PBXFileReference section */
		7A689A3C22FD4DB10044AE3D /* SampleTable.app */ = {isa = PBXFileReference; explicitFileType = wrapper.application; includeInIndex = 0; path = SampleTable.app; sourceTree = BUILT_PRODUCTS_DIR; };
		7A689A3F22FD4DB10044AE3D /* AppDelegate.h */ = {isa = PBXFileReference; lastKnownFileType = sourcecode.c.h; path = AppDelegate.h; sourceTree = "<group>"; };
		7A689A4022FD4DB10044AE3D /* AppDelegate.m */ = {isa = PBXFileReference; lastKnownFileType = sourcecode.c.objc; path = AppDelegate.m; sourceTree = "<group>"; };
		7A689A4822FD4DB30044AE3D /* Assets.xcassets */ = {isa = PBXFileReference; lastKnownFileType = folder.assetcatalog; path = Assets.xcassets; sourceTree = "<group>"; };
		7A689A4B22FD4DB30044AE3D /* Base */ = {isa = PBXFileReference; lastKnownFileType = file.storyboard; name = Base; path = Base.lproj/LaunchScreen.storyboard; sourceTree = "<group>"; };
		7A689A4D22FD4DB30044AE3D /* Info.plist */ = {isa = PBXFileReference; lastKnownFileType = text.plist.xml; path = Info.plist; sourceTree = "<group>"; };
		7A689A4E22FD4DB30044AE3D /* main.m */ = {isa = PBXFileReference; lastKnownFileType = sourcecode.c.objc; path = main.m; sourceTree = "<group>"; };
		7A689A5822FD4E0E0044AE3D /* RootViewController.h */ = {isa = PBXFileReference; lastKnownFileType = sourcecode.c.h; path = RootViewController.h; sourceTree = "<group>"; };
		7A689A5922FD4E0E0044AE3D /* RootViewController.m */ = {isa = PBXFileReference; lastKnownFileType = sourcecode.c.objc; path = RootViewController.m; sourceTree = "<group>"; };
		7A689A5C22FD51AD0044AE3D /* Ghana.png */ = {isa = PBXFileReference; lastKnownFileType = image.png; path = Ghana.png; sourceTree = "<group>"; };
		7A689A5D22FD51AD0044AE3D /* Argentina.png */ = {isa = PBXFileReference; lastKnownFileType = image.png; path = Argentina.png; sourceTree = "<group>"; };
		7A689A5E22FD51AD0044AE3D /* SouthAfrica.png */ = {isa = PBXFileReference; lastKnownFileType = image.png; path = SouthAfrica.png; sourceTree = "<group>"; };
		7A689A5F22FD51AD0044AE3D /* Holland.png */ = {isa = PBXFileReference; lastKnownFileType = image.png; path = Holland.png; sourceTree = "<group>"; };
		7A689A6022FD51AD0044AE3D /* Algeria.png */ = {isa = PBXFileReference; lastKnownFileType = image.png; path = Algeria.png; sourceTree = "<group>"; };
		7A689A6122FD51AD0044AE3D /* Honduras.png */ = {isa = PBXFileReference; lastKnownFileType = image.png; path = Honduras.png; sourceTree = "<group>"; };
		7A689A6222FD51AD0044AE3D /* USA.png */ = {isa = PBXFileReference; lastKnownFileType = image.png; path = USA.png; sourceTree = "<group>"; };
		7A689A6322FD51AD0044AE3D /* Australia.png */ = {isa = PBXFileReference; lastKnownFileType = image.png; path = Australia.png; sourceTree = "<group>"; };
		7A689A6422FD51AD0044AE3D /* Cameroon.png */ = {isa = PBXFileReference; lastKnownFileType = image.png; path = Cameroon.png; sourceTree = "<group>"; };
		7A689A6522FD51AD0044AE3D /* England.png */ = {isa = PBXFileReference; lastKnownFileType = image.png; path = England.png; sourceTree = "<group>"; };
		7A689A6622FD51AD0044AE3D /* CoteDIvoire.png */ = {isa = PBXFileReference; lastKnownFileType = image.png; path = CoteDIvoire.png; sourceTree = "<group>"; };
		7A689A6722FD51AD0044AE3D /* Brazil.png */ = {isa = PBXFileReference; lastKnownFileType = image.png; path = Brazil.png; sourceTree = "<group>"; };
		7A689A6822FD51AD0044AE3D /* Greece.png */ = {isa = PBXFileReference; lastKnownFileType = image.png; path = Greece.png; sourceTree = "<group>"; };
		7A689A6922FD51AD0044AE3D /* NewZealand.png */ = {isa = PBXFileReference; lastKnownFileType = image.png; path = NewZealand.png; sourceTree = "<group>"; };
		7A689A6A22FD51AD0044AE3D /* Switzerland.png */ = {isa = PBXFileReference; lastKnownFileType = image.png; path = Switzerland.png; sourceTree = "<group>"; };
		7A689A6B22FD51AD0044AE3D /* SouthKorea.png */ = {isa = PBXFileReference; lastKnownFileType = image.png; path = SouthKorea.png; sourceTree = "<group>"; };
		7A689A6C22FD51AD0044AE3D /* Nigeria.png */ = {isa = PBXFileReference; lastKnownFileType = image.png; path = Nigeria.png; sourceTree = "<group>"; };
		7A689A6D22FD51AD0044AE3D /* Germany.png */ = {isa = PBXFileReference; lastKnownFileType = image.png; path = Germany.png; sourceTree = "<group>"; };
		7A689A6E22FD51AD0044AE3D /* Portugal.png */ = {isa = PBXFileReference; lastKnownFileType = image.png; path = Portugal.png; sourceTree = "<group>"; };
		7A689A6F22FD51AD0044AE3D /* Spain.png */ = {isa = PBXFileReference; lastKnownFileType = image.png; path = Spain.png; sourceTree = "<group>"; };
		7A689A7022FD51AD0044AE3D /* Paraguay.png */ = {isa = PBXFileReference; lastKnownFileType = image.png; path = Paraguay.png; sourceTree = "<group>"; };
		7A689A7122FD51AD0044AE3D /* Serbia.png */ = {isa = PBXFileReference; lastKnownFileType = image.png; path = Serbia.png; sourceTree = "<group>"; };
		7A689A7222FD51AD0044AE3D /* France.png */ = {isa = PBXFileReference; lastKnownFileType = image.png; path = France.png; sourceTree = "<group>"; };
		7A689A7322FD51AD0044AE3D /* Italy.png */ = {isa = PBXFileReference; lastKnownFileType = image.png; path = Italy.png; sourceTree = "<group>"; };
		7A689A7422FD51AD0044AE3D /* team.plist */ = {isa = PBXFileReference; fileEncoding = 4; lastKnownFileType = text.plist.xml; path = team.plist; sourceTree = "<group>"; };
		7A689A7522FD51AD0044AE3D /* Denmark.png */ = {isa = PBXFileReference; lastKnownFileType = image.png; path = Denmark.png; sourceTree = "<group>"; };
		7A689A7622FD51AD0044AE3D /* Japan.png */ = {isa = PBXFileReference; lastKnownFileType = image.png; path = Japan.png; sourceTree = "<group>"; };
		7A689A7722FD51AD0044AE3D /* Uruguay.png */ = {isa = PBXFileReference; lastKnownFileType = image.png; path = Uruguay.png; sourceTree = "<group>"; };
		7A689A7822FD51AD0044AE3D /* NorthKorea.png */ = {isa = PBXFileReference; lastKnownFileType = image.png; path = NorthKorea.png; sourceTree = "<group>"; };
		7A689A7922FD51AD0044AE3D /* Slovenia.png */ = {isa = PBXFileReference; lastKnownFileType = image.png; path = Slovenia.png; sourceTree = "<group>"; };
		7A689A7A22FD51AD0044AE3D /* Slovakia.png */ = {isa = PBXFileReference; lastKnownFileType = image.png; path = Slovakia.png; sourceTree = "<group>"; };
		7A689A7B22FD51AD0044AE3D /* Chile.png */ = {isa = PBXFileReference; lastKnownFileType = image.png; path = Chile.png; sourceTree = "<group>"; };
		7A689A7C22FD51AD0044AE3D /* Mexico.png */ = {isa = PBXFileReference; lastKnownFileType = image.png; path = Mexico.png; sourceTree = "<group>"; };
/* End PBXFileReference section */

/* Begin PBXFrameworksBuildPhase section */
		7A689A3922FD4DB10044AE3D /* Frameworks */ = {
			isa = PBXFrameworksBuildPhase;
			buildActionMask = 2147483647;
			files = (
			);
			runOnlyForDeploymentPostprocessing = 0;
		};
/* End PBXFrameworksBuildPhase section */

/* Begin PBXGroup section */
		7A689A3322FD4DB10044AE3D = {
			isa = PBXGroup;
			children = (
				7A689A3E22FD4DB10044AE3D /* SampleTable */,
				7A689A3D22FD4DB10044AE3D /* Products */,
			);
			sourceTree = "<group>";
		};
		7A689A3D22FD4DB10044AE3D /* Products */ = {
			isa = PBXGroup;
			children = (
				7A689A3C22FD4DB10044AE3D /* SampleTable.app */,
			);
			name = Products;
			sourceTree = "<group>";
		};
		7A689A3E22FD4DB10044AE3D /* SampleTable */ = {
			isa = PBXGroup;
			children = (
				7A689A5B22FD51AD0044AE3D /* team */,
				7A689A3F22FD4DB10044AE3D /* AppDelegate.h */,
				7A689A4022FD4DB10044AE3D /* AppDelegate.m */,
				7A689A4822FD4DB30044AE3D /* Assets.xcassets */,
				7A689A4A22FD4DB30044AE3D /* LaunchScreen.storyboard */,
				7A689A4D22FD4DB30044AE3D /* Info.plist */,
				7A689A4E22FD4DB30044AE3D /* main.m */,
				7A689A5822FD4E0E0044AE3D /* RootViewController.h */,
				7A689A5922FD4E0E0044AE3D /* RootViewController.m */,
			);
			path = SampleTable;
			sourceTree = "<group>";
		};
		7A689A5B22FD51AD0044AE3D /* team */ = {
			isa = PBXGroup;
			children = (
				7A689A5C22FD51AD0044AE3D /* Ghana.png */,
				7A689A5D22FD51AD0044AE3D /* Argentina.png */,
				7A689A5E22FD51AD0044AE3D /* SouthAfrica.png */,
				7A689A5F22FD51AD0044AE3D /* Holland.png */,
				7A689A6022FD51AD0044AE3D /* Algeria.png */,
				7A689A6122FD51AD0044AE3D /* Honduras.png */,
				7A689A6222FD51AD0044AE3D /* USA.png */,
				7A689A6322FD51AD0044AE3D /* Australia.png */,
				7A689A6422FD51AD0044AE3D /* Cameroon.png */,
				7A689A6522FD51AD0044AE3D /* England.png */,
				7A689A6622FD51AD0044AE3D /* CoteDIvoire.png */,
				7A689A6722FD51AD0044AE3D /* Brazil.png */,
				7A689A6822FD51AD0044AE3D /* Greece.png */,
				7A689A6922FD51AD0044AE3D /* NewZealand.png */,
				7A689A6A22FD51AD0044AE3D /* Switzerland.png */,
				7A689A6B22FD51AD0044AE3D /* SouthKorea.png */,
				7A689A6C22FD51AD0044AE3D /* Nigeria.png */,
				7A689A6D22FD51AD0044AE3D /* Germany.png */,
				7A689A6E22FD51AD0044AE3D /* Portugal.png */,
				7A689A6F22FD51AD0044AE3D /* Spain.png */,
				7A689A7022FD51AD0044AE3D /* Paraguay.png */,
				7A689A7122FD51AD0044AE3D /* Serbia.png */,
				7A689A7222FD51AD0044AE3D /* France.png */,
				7A689A7322FD51AD0044AE3D /* Italy.png */,
				7A689A7422FD51AD0044AE3D /* team.plist */,
				7A689A7522FD51AD0044AE3D /* Denmark.png */,
				7A689A7622FD51AD0044AE3D /* Japan.png */,
				7A689A7722FD51AD0044AE3D /* Uruguay.png */,
				7A689A7822FD51AD0044AE3D /* NorthKorea.png */,
				7A689A7922FD51AD0044AE3D /* Slovenia.png */,
				7A689A7A22FD51AD0044AE3D /* Slovakia.png */,
				7A689A7B22FD51AD0044AE3D /* Chile.png */,
				7A689A7C22FD51AD0044AE3D /* Mexico.png */,
			);
			path = team;
			sourceTree = "<group>";
		};
/* End PBXGroup section */

/* Begin PBXNativeTarget section */
		7A689A3B22FD4DB10044AE3D /* SampleTable */ = {
			isa = PBXNativeTarget;
			buildConfigurationList = 7A689A5222FD4DB30044AE3D /* Build configuration list for PBXNativeTarget "SampleTable" */;
			buildPhases = (
				7A689A3822FD4DB10044AE3D /* Sources */,
				7A689A3922FD4DB10044AE3D /* Frameworks */,
				7A689A3A22FD4DB10044AE3D /* Resources */,
			);
			buildRules = (
			);
			dependencies = (
			);
			name = SampleTable;
			productName = SampleTable;
			productReference = 7A689A3C22FD4DB10044AE3D /* SampleTable.app */;
			productType = "com.apple.product-type.application";
		};
/* End PBXNativeTarget section */

/* Begin PBXProject section */
		7A689A3422FD4DB10044AE3D /* Project object */ = {
			isa = PBXProject;
			attributes = {
				LastUpgradeCheck = 1010;
				ORGANIZATIONNAME = jie;
				TargetAttributes = {
					7A689A3B22FD4DB10044AE3D = {
						CreatedOnToolsVersion = 10.1;
					};
				};
			};
			buildConfigurationList = 7A689A3722FD4DB10044AE3D /* Build configuration list for PBXProject "SampleTable" */;
			compatibilityVersion = "Xcode 9.3";
			developmentRegion = en;
			hasScannedForEncodings = 0;
			knownRegions = (
				en,
				Base,
			);
			mainGroup = 7A689A3322FD4DB10044AE3D;
			productRefGroup = 7A689A3D22FD4DB10044AE3D /* Products */;
			projectDirPath = "";
			projectRoot = "";
			targets = (
				7A689A3B22FD4DB10044AE3D /* SampleTable */,
			);
		};
/* End PBXProject section */

/* Begin PBXResourcesBuildPhase section */
		7A689A3A22FD4DB10044AE3D /* Resources */ = {
			isa = PBXResourcesBuildPhase;
			buildActionMask = 2147483647;
			files = (
				7A689A9A22FD51AD0044AE3D /* Slovenia.png in Resources */,
				7A689A9122FD51AD0044AE3D /* Paraguay.png in Resources */,
				7A689A8422FD51AD0044AE3D /* Australia.png in Resources */,
				7A689A8F22FD51AD0044AE3D /* Portugal.png in Resources */,
				7A689A8322FD51AD0044AE3D /* USA.png in Resources */,
				7A689A9922FD51AD0044AE3D /* NorthKorea.png in Resources */,
				7A689A9722FD51AD0044AE3D /* Japan.png in Resources */,
				7A689A8522FD51AD0044AE3D /* Cameroon.png in Resources */,
				7A689A8622FD51AD0044AE3D /* England.png in Resources */,
				7A689A8722FD51AD0044AE3D /* CoteDIvoire.png in Resources */,
				7A689A8822FD51AD0044AE3D /* Brazil.png in Resources */,
				7A689A9B22FD51AD0044AE3D /* Slovakia.png in Resources */,
				7A689A8C22FD51AD0044AE3D /* SouthKorea.png in Resources */,
				7A689A8022FD51AD0044AE3D /* Holland.png in Resources */,
				7A689A9522FD51AD0044AE3D /* team.plist in Resources */,
				7A689A9022FD51AD0044AE3D /* Spain.png in Resources */,
				7A689A9622FD51AD0044AE3D /* Denmark.png in Resources */,
				7A689A4C22FD4DB30044AE3D /* LaunchScreen.storyboard in Resources */,
				7A689A8E22FD51AD0044AE3D /* Germany.png in Resources */,
				7A689A8B22FD51AD0044AE3D /* Switzerland.png in Resources */,
				7A689A9322FD51AD0044AE3D /* France.png in Resources */,
				7A689A8122FD51AD0044AE3D /* Algeria.png in Resources */,
				7A689A8222FD51AD0044AE3D /* Honduras.png in Resources */,
				7A689A9D22FD51AD0044AE3D /* Mexico.png in Resources */,
				7A689A9422FD51AD0044AE3D /* Italy.png in Resources */,
				7A689A8A22FD51AD0044AE3D /* NewZealand.png in Resources */,
				7A689A7E22FD51AD0044AE3D /* Argentina.png in Resources */,
				7A689A7F22FD51AD0044AE3D /* SouthAfrica.png in Resources */,
				7A689A9222FD51AD0044AE3D /* Serbia.png in Resources */,
				7A689A8D22FD51AD0044AE3D /* Nigeria.png in Resources */,
				7A689A9C22FD51AD0044AE3D /* Chile.png in Resources */,
				7A689A4922FD4DB30044AE3D /* Assets.xcassets in Resources */,
				7A689A8922FD51AD0044AE3D /* Greece.png in Resources */,
				7A689A9822FD51AD0044AE3D /* Uruguay.png in Resources */,
				7A689A7D22FD51AD0044AE3D /* Ghana.png in Resources */,
			);
			runOnlyForDeploymentPostprocessing = 0;
		};
/* End PBXResourcesBuildPhase section */

/* Begin PBXSourcesBuildPhase section */
		7A689A3822FD4DB10044AE3D /* Sources */ = {
			isa = PBXSourcesBuildPhase;
			buildActionMask = 2147483647;
			files = (
				7A689A4F22FD4DB30044AE3D /* main.m in Sources */,
				7A689A4122FD4DB10044AE3D /* AppDelegate.m in Sources */,
				7A689A5A22FD4E0E0044AE3D /* RootViewController.m in Sources */,
			);
			runOnlyForDeploymentPostprocessing = 0;
		};
/* End PBXSourcesBuildPhase section */

/* Begin PBXVariantGroup section */
		7A689A4A22FD4DB30044AE3D /* LaunchScreen.storyboard */ = {
			isa = PBXVariantGroup;
			children = (
				7A689A4B22FD4DB30044AE3D /* Base */,
			);
			name = LaunchScreen.storyboard;
			sourceTree = "<group>";
		};
/* End PBXVariantGroup section */

/* Begin XCBuildConfiguration section */
		7A689A5022FD4DB30044AE3D /* Debug */ = {
			isa = XCBuildConfiguration;
			buildSettings = {
				ALWAYS_SEARCH_USER_PATHS = NO;
				CLANG_ANALYZER_NONNULL = YES;
				CLANG_ANALYZER_NUMBER_OBJECT_CONVERSION = YES_AGGRESSIVE;
				CLANG_CXX_LANGUAGE_STANDARD = "gnu++14";
				CLANG_CXX_LIBRARY = "libc++";
				CLANG_ENABLE_MODULES = YES;
				CLANG_ENABLE_OBJC_ARC = YES;
				CLANG_ENABLE_OBJC_WEAK = YES;
				CLANG_WARN_BLOCK_CAPTURE_AUTORELEASING = YES;
				CLANG_WARN_BOOL_CONVERSION = YES;
				CLANG_WARN_COMMA = YES;
				CLANG_WARN_CONSTANT_CONVERSION = YES;
				CLANG_WARN_DEPRECATED_OBJC_IMPLEMENTATIONS = YES;
				CLANG_WARN_DIRECT_OBJC_ISA_USAGE = YES_ERROR;
				CLANG_WARN_DOCUMENTATION_COMMENTS = YES;
				CLANG_WARN_EMPTY_BODY = YES;
				CLANG_WARN_ENUM_CONVERSION = YES;
				CLANG_WARN_INFINITE_RECURSION = YES;
				CLANG_WARN_INT_CONVERSION = YES;
				CLANG_WARN_NON_LITERAL_NULL_CONVERSION = YES;
				CLANG_WARN_OBJC_IMPLICIT_RETAIN_SELF = YES;
				CLANG_WARN_OBJC_LITERAL_CONVERSION = YES;
				CLANG_WARN_OBJC_ROOT_CLASS = YES_ERROR;
				CLANG_WARN_RANGE_LOOP_ANALYSIS = YES;
				CLANG_WARN_STRICT_PROTOTYPES = YES;
				CLANG_WARN_SUSPICIOUS_MOVE = YES;
				CLANG_WARN_UNGUARDED_AVAILABILITY = YES_AGGRESSIVE;
				CLANG_WARN_UNREACHABLE_CODE = YES;
				CLANG_WARN__DUPLICATE_METHOD_MATCH = YES;
				CODE_SIGN_IDENTITY = "iPhone Developer";
				COPY_PHASE_STRIP = NO;
				DEBUG_INFORMATION_FORMAT = dwarf;
				ENABLE_STRICT_OBJC_MSGSEND = YES;
				ENABLE_TESTABILITY = YES;
				GCC_C_LANGUAGE_STANDARD = gnu11;
				GCC_DYNAMIC_NO_PIC = NO;
				GCC_NO_COMMON_BLOCKS = YES;
				GCC_OPTIMIZATION_LEVEL = 0;
				GCC_PREPROCESSOR_DEFINITIONS = (
					"DEBUG=1",
					"$(inherited)",
				);
				GCC_WARN_64_TO_32_BIT_CONVERSION = YES;
				GCC_WARN_ABOUT_RETURN_TYPE = YES_ERROR;
				GCC_WARN_UNDECLARED_SELECTOR = YES;
				GCC_WARN_UNINITIALIZED_AUTOS = YES_AGGRESSIVE;
				GCC_WARN_UNUSED_FUNCTION = YES;
				GCC_WARN_UNUSED_VARIABLE = YES;
				IPHONEOS_DEPLOYMENT_TARGET = 12.1;
				MTL_ENABLE_DEBUG_INFO = INCLUDE_SOURCE;
				MTL_FAST_MATH = YES;
				ONLY_ACTIVE_ARCH = YES;
				SDKROOT = iphoneos;
			};
			name = Debug;
		};
		7A689A5122FD4DB30044AE3D /* Release */ = {
			isa = XCBuildConfiguration;
			buildSettings = {
				ALWAYS_SEARCH_USER_PATHS = NO;
				CLANG_ANALYZER_NONNULL = YES;
				CLANG_ANALYZER_NUMBER_OBJECT_CONVERSION = YES_AGGRESSIVE;
				CLANG_CXX_LANGUAGE_STANDARD = "gnu++14";
				CLANG_CXX_LIBRARY = "libc++";
				CLANG_ENABLE_MODULES = YES;
				CLANG_ENABLE_OBJC_ARC = YES;
				CLANG_ENABLE_OBJC_WEAK = YES;
				CLANG_WARN_BLOCK_CAPTURE_AUTORELEASING = YES;
				CLANG_WARN_BOOL_CONVERSION = YES;
				CLANG_WARN_COMMA = YES;
				CLANG_WARN_CONSTANT_CONVERSION = YES;
				CLANG_WARN_DEPRECATED_OBJC_IMPLEMENTATIONS = YES;
				CLANG_WARN_DIRECT_OBJC_ISA_USAGE = YES_ERROR;
				CLANG_WARN_DOCUMENTATION_COMMENTS = YES;
				CLANG_WARN_EMPTY_BODY = YES;
				CLANG_WARN_ENUM_CONVERSION = YES;
				CLANG_WARN_INFINITE_RECURSION = YES;
				CLANG_WARN_INT_CONVERSION = YES;
				CLANG_WARN_NON_LITERAL_NULL_CONVERSION = YES;
				CLANG_WARN_OBJC_IMPLICIT_RETAIN_SELF = YES;
				CLANG_WARN_OBJC_LITERAL_CONVERSION = YES;
				CLANG_WARN_OBJC_ROOT_CLASS = YES_ERROR;
				CLANG_WARN_RANGE_LOOP_ANALYSIS = YES;
				CLANG_WARN_STRICT_PROTOTYPES = YES;
				CLANG_WARN_SUSPICIOUS_MOVE = YES;
				CLANG_WARN_UNGUARDED_AVAILABILITY = YES_AGGRESSIVE;
				CLANG_WARN_UNREACHABLE_CODE = YES;
				CLANG_WARN__DUPLICATE_METHOD_MATCH = YES;
				CODE_SIGN_IDENTITY = "iPhone Developer";
				COPY_PHASE_STRIP = NO;
				DEBUG_INFORMATION_FORMAT = "dwarf-with-dsym";
				ENABLE_NS_ASSERTIONS = NO;
				ENABLE_STRICT_OBJC_MSGSEND = YES;
				GCC_C_LANGUAGE_STANDARD = gnu11;
				GCC_NO_COMMON_BLOCKS = YES;
				GCC_WARN_64_TO_32_BIT_CONVERSION = YES;
				GCC_WARN_ABOUT_RETURN_TYPE = YES_ERROR;
				GCC_WARN_UNDECLARED_SELECTOR = YES;
				GCC_WARN_UNINITIALIZED_AUTOS = YES_AGGRESSIVE;
				GCC_WARN_UNUSED_FUNCTION = YES;
				GCC_WARN_UNUSED_VARIABLE = YES;
				IPHONEOS_DEPLOYMENT_TARGET = 12.1;
				MTL_ENABLE_DEBUG_INFO = NO;
				MTL_FAST_MATH = YES;
				SDKROOT = iphoneos;
				VALIDATE_PRODUCT = YES;
			};
			name = Release;
		};
		7A689A5322FD4DB30044AE3D /* Debug */ = {
			isa = XCBuildConfiguration;
			buildSettings = {
				ASSETCATALOG_COMPILER_APPICON_NAME = AppIcon;
				CODE_SIGN_STYLE = Automatic;
				INFOPLIST_FILE = SampleTable/Info.plist;
				LD_RUNPATH_SEARCH_PATHS = (
					"$(inherited)",
					"@executable_path/Frameworks",
				);
				PRODUCT_BUNDLE_IDENTIFIER = org.home.study.SampleTable;
				PRODUCT_NAME = "$(TARGET_NAME)";
				TARGETED_DEVICE_FAMILY = "1,2";
			};
			name = Debug;
		};
		7A689A5422FD4DB30044AE3D /* Release */ = {
			isa = XCBuildConfiguration;
			buildSettings = {
				ASSETCATALOG_COMPILER_APPICON_NAME = AppIcon;
				CODE_SIGN_STYLE = Automatic;
				INFOPLIST_FILE = SampleTable/Info.plist;
				LD_RUNPATH_SEARCH_PATHS = (
					"$(inherited)",
					"@executable_path/Frameworks",
				);
				PRODUCT_BUNDLE_IDENTIFIER = org.home.study.SampleTable;
				PRODUCT_NAME = "$(TARGET_NAME)";
				TARGETED_DEVICE_FAMILY = "1,2";
			};
			name = Release;
		};
/* End XCBuildConfiguration section */

/* Begin XCConfigurationList section */
		7A689A3722FD4DB10044AE3D /* Build configuration list for PBXProject "SampleTable" */ = {
			isa = XCConfigurationList;
			buildConfigurations = (
				7A689A5022FD4DB30044AE3D /* Debug */,
				7A689A5122FD4DB30044AE3D /* Release */,
			);
			defaultConfigurationIsVisible = 0;
			defaultConfigurationName = Release;
		};
		7A689A5222FD4DB30044AE3D /* Build configuration list for PBXNativeTarget "SampleTable" */ = {
			isa = XCConfigurationList;
			buildConfigurations = (
				7A689A5322FD4DB30044AE3D /* Debug */,
				7A689A5422FD4DB30044AE3D /* Release */,
			);
			defaultConfigurationIsVisible = 0;
			defaultConfigurationName = Release;
		};
/* End XCConfigurationList section */
	};
	rootObject = 7A689A3422FD4DB10044AE3D /* Project object */;
}
